// !$*UTF8*$!
{
	archiveVersion = 1;
	classes = {
	};
	objectVersion = 46;
	objects = {

/* Begin PBXBuildFile section */
		475922391D9C5D7B00642BE6 /* AppDelegate.swift in Sources */ = {isa = PBXBuildFile; fileRef = 475922381D9C5D7B00642BE6 /* AppDelegate.swift */; };
		4759223B1D9C5D7B00642BE6 /* MainVC.swift in Sources */ = {isa = PBXBuildFile; fileRef = 4759223A1D9C5D7B00642BE6 /* MainVC.swift */; };
		4759223E1D9C5D7B00642BE6 /* Main.storyboard in Resources */ = {isa = PBXBuildFile; fileRef = 4759223C1D9C5D7B00642BE6 /* Main.storyboard */; };
		475922401D9C5D7B00642BE6 /* Assets.xcassets in Resources */ = {isa = PBXBuildFile; fileRef = 4759223F1D9C5D7B00642BE6 /* Assets.xcassets */; };
		475922431D9C5D7B00642BE6 /* LaunchScreen.storyboard in Resources */ = {isa = PBXBuildFile; fileRef = 475922411D9C5D7B00642BE6 /* LaunchScreen.storyboard */; };
		4759224E1D9C5DDD00642BE6 /* VideoVC.swift in Sources */ = {isa = PBXBuildFile; fileRef = 4759224D1D9C5DDD00642BE6 /* VideoVC.swift */; };
		475922501D9C666300642BE6 /* btm.otf in Resources */ = {isa = PBXBuildFile; fileRef = 4759224F1D9C666300642BE6 /* btm.otf */; };
		475922521D9C6C2D00642BE6 /* PartyCell.swift in Sources */ = {isa = PBXBuildFile; fileRef = 475922511D9C6C2D00642BE6 /* PartyCell.swift */; };
		475922541D9C6E0800642BE6 /* PartyRock.swift in Sources */ = {isa = PBXBuildFile; fileRef = 475922531D9C6E0800642BE6 /* PartyRock.swift */; };
/* End PBXBuildFile section */

/* Begin PBXFileReference section */
		475922351D9C5D7B00642BE6 /* PartyRockMansion.app */ = {isa = PBXFileReference; explicitFileType = wrapper.application; includeInIndex = 0; path = PartyRockMansion.app; sourceTree = BUILT_PRODUCTS_DIR; };
		475922381D9C5D7B00642BE6 /* AppDelegate.swift */ = {isa = PBXFileReference; lastKnownFileType = sourcecode.swift; path = AppDelegate.swift; sourceTree = "<group>"; };
		4759223A1D9C5D7B00642BE6 /* MainVC.swift */ = {isa = PBXFileReference; lastKnownFileType = sourcecode.swift; path = MainVC.swift; sourceTree = "<group>"; };
		4759223D1D9C5D7B00642BE6 /* Base */ = {isa = PBXFileReference; lastKnownFileType = file.storyboard; name = Base; path = Base.lproj/Main.storyboard; sourceTree = "<group>"; };
		4759223F1D9C5D7B00642BE6 /* Assets.xcassets */ = {isa = PBXFileReference; lastKnownFileType = folder.assetcatalog; path = Assets.xcassets; sourceTree = "<group>"; };
		475922421D9C5D7B00642BE6 /* Base */ = {isa = PBXFileReference; lastKnownFileType = file.storyboard; name = Base; path = Base.lproj/LaunchScreen.storyboard; sourceTree = "<group>"; };
		475922441D9C5D7B00642BE6 /* Info.plist */ = {isa = PBXFileReference; lastKnownFileType = text.plist.xml; path = Info.plist; sourceTree = "<group>"; };
		4759224D1D9C5DDD00642BE6 /* VideoVC.swift */ = {isa = PBXFileReference; fileEncoding = 4; lastKnownFileType = sourcecode.swift; path = VideoVC.swift; sourceTree = "<group>"; };
		4759224F1D9C666300642BE6 /* btm.otf */ = {isa = PBXFileReference; lastKnownFileType = file; path = btm.otf; sourceTree = "<group>"; };
		475922511D9C6C2D00642BE6 /* PartyCell.swift */ = {isa = PBXFileReference; fileEncoding = 4; lastKnownFileType = sourcecode.swift; path = PartyCell.swift; sourceTree = "<group>"; };
		475922531D9C6E0800642BE6 /* PartyRock.swift */ = {isa = PBXFileReference; fileEncoding = 4; lastKnownFileType = sourcecode.swift; path = PartyRock.swift; sourceTree = "<group>"; };
/* End PBXFileReference section */

/* Begin PBXFrameworksBuildPhase section */
		475922321D9C5D7B00642BE6 /* Frameworks */ = {
			isa = PBXFrameworksBuildPhase;
			buildActionMask = 2147483647;
			files = (
			);
			runOnlyForDeploymentPostprocessing = 0;
		};
/* End PBXFrameworksBuildPhase section */

/* Begin PBXGroup section */
		4759222C1D9C5D7B00642BE6 = {
			isa = PBXGroup;
			children = (
				475922371D9C5D7B00642BE6 /* PartyRockMansion */,
				475922361D9C5D7B00642BE6 /* Products */,
			);
			sourceTree = "<group>";
		};
		475922361D9C5D7B00642BE6 /* Products */ = {
			isa = PBXGroup;
			children = (
				475922351D9C5D7B00642BE6 /* PartyRockMansion.app */,
			);
			name = Products;
			sourceTree = "<group>";
		};
		475922371D9C5D7B00642BE6 /* PartyRockMansion */ = {
			isa = PBXGroup;
			children = (
				4759224F1D9C666300642BE6 /* btm.otf */,
				4759224A1D9C5D9100642BE6 /* Model */,
				4759224B1D9C5D9700642BE6 /* View */,
				4759224C1D9C5D9C00642BE6 /* Controller */,
				475922381D9C5D7B00642BE6 /* AppDelegate.swift */,
				4759223C1D9C5D7B00642BE6 /* Main.storyboard */,
				4759223F1D9C5D7B00642BE6 /* Assets.xcassets */,
				475922411D9C5D7B00642BE6 /* LaunchScreen.storyboard */,
				475922441D9C5D7B00642BE6 /* Info.plist */,
			);
			path = PartyRockMansion;
			sourceTree = "<group>";
		};
		4759224A1D9C5D9100642BE6 /* Model */ = {
			isa = PBXGroup;
			children = (
				475922531D9C6E0800642BE6 /* PartyRock.swift */,
			);
			name = Model;
			sourceTree = "<group>";
		};
		4759224B1D9C5D9700642BE6 /* View */ = {
			isa = PBXGroup;
			children = (
				475922511D9C6C2D00642BE6 /* PartyCell.swift */,
			);
			name = View;
			sourceTree = "<group>";
		};
		4759224C1D9C5D9C00642BE6 /* Controller */ = {
			isa = PBXGroup;
			children = (
				4759223A1D9C5D7B00642BE6 /* MainVC.swift */,
				4759224D1D9C5DDD00642BE6 /* VideoVC.swift */,
			);
			name = Controller;
			sourceTree = "<group>";
		};
/* End PBXGroup section */

/* Begin PBXNativeTarget section */
		475922341D9C5D7B00642BE6 /* PartyRockMansion */ = {
			isa = PBXNativeTarget;
			buildConfigurationList = 475922471D9C5D7B00642BE6 /* Build configuration list for PBXNativeTarget "PartyRockMansion" */;
			buildPhases = (
				475922311D9C5D7B00642BE6 /* Sources */,
				475922321D9C5D7B00642BE6 /* Frameworks */,
				475922331D9C5D7B00642BE6 /* Resources */,
			);
			buildRules = (
			);
			dependencies = (
			);
			name = PartyRockMansion;
			productName = PartyRockMansion;
			productReference = 475922351D9C5D7B00642BE6 /* PartyRockMansion.app */;
			productType = "com.apple.product-type.application";
		};
/* End PBXNativeTarget section */

/* Begin PBXProject section */
		4759222D1D9C5D7B00642BE6 /* Project object */ = {
			isa = PBXProject;
			attributes = {
				LastSwiftUpdateCheck = 0800;
				LastUpgradeCheck = 0800;
				ORGANIZATIONNAME = "Hesham Saleh";
				TargetAttributes = {
					475922341D9C5D7B00642BE6 = {
						CreatedOnToolsVersion = 8.0;
						ProvisioningStyle = Automatic;
					};
				};
			};
			buildConfigurationList = 475922301D9C5D7B00642BE6 /* Build configuration list for PBXProject "PartyRockMansion" */;
			compatibilityVersion = "Xcode 3.2";
			developmentRegion = English;
			hasScannedForEncodings = 0;
			knownRegions = (
				en,
				Base,
			);
			mainGroup = 4759222C1D9C5D7B00642BE6;
			productRefGroup = 475922361D9C5D7B00642BE6 /* Products */;
			projectDirPath = "";
			projectRoot = "";
			targets = (
				475922341D9C5D7B00642BE6 /* PartyRockMansion */,
			);
		};
/* End PBXProject section */

/* Begin PBXResourcesBuildPhase section */
		475922331D9C5D7B00642BE6 /* Resources */ = {
			isa = PBXResourcesBuildPhase;
			buildActionMask = 2147483647;
			files = (
				475922431D9C5D7B00642BE6 /* LaunchScreen.storyboard in Resources */,
				475922501D9C666300642BE6 /* btm.otf in Resources */,
				475922401D9C5D7B00642BE6 /* Assets.xcassets in Resources */,
				4759223E1D9C5D7B00642BE6 /* Main.storyboard in Resources */,
			);
			runOnlyForDeploymentPostprocessing = 0;
		};
/* End PBXResourcesBuildPhase section */

/* Begin PBXSourcesBuildPhase section */
		475922311D9C5D7B00642BE6 /* Sources */ = {
			isa = PBXSourcesBuildPhase;
			buildActionMask = 2147483647;
			files = (
				4759224E1D9C5DDD00642BE6 /* VideoVC.swift in Sources */,
				4759223B1D9C5D7B00642BE6 /* MainVC.swift in Sources */,
				475922541D9C6E0800642BE6 /* PartyRock.swift in Sources */,
				475922521D9C6C2D00642BE6 /* PartyCell.swift in Sources */,
				475922391D9C5D7B00642BE6 /* AppDelegate.swift in Sources */,
			);
			runOnlyForDeploymentPostprocessing = 0;
		};
/* End PBXSourcesBuildPhase section */

/* Begin PBXVariantGroup section */
		4759223C1D9C5D7B00642BE6 /* Main.storyboard */ = {
			isa = PBXVariantGroup;
			children = (
				4759223D1D9C5D7B00642BE6 /* Base */,
			);
			name = Main.storyboard;
			sourceTree = "<group>";
		};
		475922411D9C5D7B00642BE6 /* LaunchScreen.storyboard */ = {
			isa = PBXVariantGroup;
			children = (
				475922421D9C5D7B00642BE6 /* Base */,
			);
			name = LaunchScreen.storyboard;
			sourceTree = "<group>";
		};
/* End PBXVariantGroup section */

/* Begin XCBuildConfiguration section */
		475922451D9C5D7B00642BE6 /* Debug */ = {
			isa = XCBuildConfiguration;
			buildSettings = {
				ALWAYS_SEARCH_USER_PATHS = NO;
				CLANG_ANALYZER_NONNULL = YES;
				CLANG_CXX_LANGUAGE_STANDARD = "gnu++0x";
				CLANG_CXX_LIBRARY = "libc++";
				CLANG_ENABLE_MODULES = YES;
				CLANG_ENABLE_OBJC_ARC = YES;
				CLANG_WARN_BOOL_CONVERSION = YES;
				CLANG_WARN_CONSTANT_CONVERSION = YES;
				CLANG_WARN_DIRECT_OBJC_ISA_USAGE = YES_ERROR;
				CLANG_WARN_DOCUMENTATION_COMMENTS = YES;
				CLANG_WARN_EMPTY_BODY = YES;
				CLANG_WARN_ENUM_CONVERSION = YES;
				CLANG_WARN_INFINITE_RECURSION = YES;
				CLANG_WARN_INT_CONVERSION = YES;
				CLANG_WARN_OBJC_ROOT_CLASS = YES_ERROR;
				CLANG_WARN_SUSPICIOUS_MOVES = YES;
				CLANG_WARN_UNREACHABLE_CODE = YES;
				CLANG_WARN__DUPLICATE_METHOD_MATCH = YES;
				"CODE_SIGN_IDENTITY[sdk=iphoneos*]" = "iPhone Developer";
				COPY_PHASE_STRIP = NO;
				DEBUG_INFORMATION_FORMAT = dwarf;
				ENABLE_STRICT_OBJC_MSGSEND = YES;
				ENABLE_TESTABILITY = YES;
				GCC_C_LANGUAGE_STANDARD = gnu99;
				GCC_DYNAMIC_NO_PIC = NO;
				GCC_NO_COMMON_BLOCKS = YES;
				GCC_OPTIMIZATION_LEVEL = 0;
				GCC_PREPROCESSOR_DEFINITIONS = (
					"DEBUG=1",
					"$(inherited)",
				);
				GCC_WARN_64_TO_32_BIT_CONVERSION = YES;
				GCC_WARN_ABOUT_RETURN_TYPE = YES_ERROR;
				GCC_WARN_UNDECLARED_SELECTOR = YES;
				GCC_WARN_UNINITIALIZED_AUTOS = YES_AGGRESSIVE;
				GCC_WARN_UNUSED_FUNCTION = YES;
				GCC_WARN_UNUSED_VARIABLE = YES;
				IPHONEOS_DEPLOYMENT_TARGET = 10.0;
				MTL_ENABLE_DEBUG_INFO = YES;
				ONLY_ACTIVE_ARCH = YES;
				SDKROOT = iphoneos;
				SWIFT_ACTIVE_COMPILATION_CONDITIONS = DEBUG;
				SWIFT_OPTIMIZATION_LEVEL = "-Onone";
				TARGETED_DEVICE_FAMILY = "1,2";
			};
			name = Debug;
		};
		475922461D9C5D7B00642BE6 /* Release */ = {
			isa = XCBuildConfiguration;
			buildSettings = {
				ALWAYS_SEARCH_USER_PATHS = NO;
				CLANG_ANALYZER_NONNULL = YES;
				CLANG_CXX_LANGUAGE_STANDARD = "gnu++0x";
				CLANG_CXX_LIBRARY = "libc++";
				CLANG_ENABLE_MODULES = YES;
				CLANG_ENABLE_OBJC_ARC = YES;
				CLANG_WARN_BOOL_CONVERSION = YES;
				CLANG_WARN_CONSTANT_CONVERSION = YES;
				CLANG_WARN_DIRECT_OBJC_ISA_USAGE = YES_ERROR;
				CLANG_WARN_DOCUMENTATION_COMMENTS = YES;
				CLANG_WARN_EMPTY_BODY = YES;
				CLANG_WARN_ENUM_CONVERSION = YES;
				CLANG_WARN_INFINITE_RECURSION = YES;
				CLANG_WARN_INT_CONVERSION = YES;
				CLANG_WARN_OBJC_ROOT_CLASS = YES_ERROR;
				CLANG_WARN_SUSPICIOUS_MOVES = YES;
				CLANG_WARN_UNREACHABLE_CODE = YES;
				CLANG_WARN__DUPLICATE_METHOD_MATCH = YES;
				"CODE_SIGN_IDENTITY[sdk=iphoneos*]" = "iPhone Developer";
				COPY_PHASE_STRIP = NO;
				DEBUG_INFORMATION_FORMAT = "dwarf-with-dsym";
				ENABLE_NS_ASSERTIONS = NO;
				ENABLE_STRICT_OBJC_MSGSEND = YES;
				GCC_C_LANGUAGE_STANDARD = gnu99;
				GCC_NO_COMMON_BLOCKS = YES;
				GCC_WARN_64_TO_32_BIT_CONVERSION = YES;
				GCC_WARN_ABOUT_RETURN_TYPE = YES_ERROR;
				GCC_WARN_UNDECLARED_SELECTOR = YES;
				GCC_WARN_UNINITIALIZED_AUTOS = YES_AGGRESSIVE;
				GCC_WARN_UNUSED_FUNCTION = YES;
				GCC_WARN_UNUSED_VARIABLE = YES;
				IPHONEOS_DEPLOYMENT_TARGET = 10.0;
				MTL_ENABLE_DEBUG_INFO = NO;
				SDKROOT = iphoneos;
				SWIFT_OPTIMIZATION_LEVEL = "-Owholemodule";
				TARGETED_DEVICE_FAMILY = "1,2";
				VALIDATE_PRODUCT = YES;
			};
			name = Release;
		};
		475922481D9C5D7B00642BE6 /* Debug */ = {
			isa = XCBuildConfiguration;
			buildSettings = {
				ASSETCATALOG_COMPILER_APPICON_NAME = AppIcon;
				INFOPLIST_FILE = PartyRockMansion/Info.plist;
				LD_RUNPATH_SEARCH_PATHS = "$(inherited) @executable_path/Frameworks";
				PRODUCT_BUNDLE_IDENTIFIER = com.hyperspace.PartyRockMansion;
				PRODUCT_NAME = "$(TARGET_NAME)";
				SWIFT_VERSION = 3.0;
			};
			name = Debug;
		};
		475922491D9C5D7B00642BE6 /* Release */ = {
			isa = XCBuildConfiguration;
			buildSettings = {
				ASSETCATALOG_COMPILER_APPICON_NAME = AppIcon;
				INFOPLIST_FILE = PartyRockMansion/Info.plist;
				LD_RUNPATH_SEARCH_PATHS = "$(inherited) @executable_path/Frameworks";
				PRODUCT_BUNDLE_IDENTIFIER = com.hyperspace.PartyRockMansion;
				PRODUCT_NAME = "$(TARGET_NAME)";
				SWIFT_VERSION = 3.0;
			};
			name = Release;
		};
/* End XCBuildConfiguration section */

/* Begin XCConfigurationList section */
		475922301D9C5D7B00642BE6 /* Build configuration list for PBXProject "PartyRockMansion" */ = {
			isa = XCConfigurationList;
			buildConfigurations = (
				475922451D9C5D7B00642BE6 /* Debug */,
				475922461D9C5D7B00642BE6 /* Release */,
			);
			defaultConfigurationIsVisible = 0;
			defaultConfigurationName = Release;
		};
		475922471D9C5D7B00642BE6 /* Build configuration list for PBXNativeTarget "PartyRockMansion" */ = {
			isa = XCConfigurationList;
			buildConfigurations = (
				475922481D9C5D7B00642BE6 /* Debug */,
				475922491D9C5D7B00642BE6 /* Release */,
			);
			defaultConfigurationIsVisible = 0;
		};
/* End XCConfigurationList section */
	};
	rootObject = 4759222D1D9C5D7B00642BE6 /* Project object */;
}
